{
  "lockfileVersion": 1,
  "configVersion": 1,
  "workspaces": {
    "": {
      "name": "tegis-js",
      "devDependencies": {
        "@types/node": "^22",
        "typescript": "^6",
      },
    },
    "packages/player": {
      "name": "@tegis/player",
      "version": "0.1.2",
    },
    "packages/server": {
      "name": "@tegis/server",
      "version": "0.1.2",
    },
  },
  "packages": {
    "@tegis/player": ["@tegis/player@workspace:packages/player"],

    "@tegis/server": ["@tegis/server@workspace:packages/server"],

    "@types/node": ["@types/node@22.20.0", "", { "dependencies": { "undici-types": "~6.21.0" } }, "sha512-QWlFW2wf3nTjC13/DqRnBpR4ZO36VJH/JVBkA/vcnmbTBNQIlnObqyqZE1tUR7+Ni23Lda8R1BxMfbXRpCUx5g=="],

    "typescript": ["typescript@6.0.3", "", { "bin": { "tsc": "bin/tsc", "tsserver": "bin/tsserver" } }, "sha512-y2TvuxSZPDyQakkFRPZHKFm+KKVqIisdg9/CZwm9ftvKXLP8NRWj38/ODjNbr43SsoXqNuAisEf1GdCxqWcdBw=="],

    "undici-types": ["undici-types@6.21.0", "", {}, "sha512-iwDZqg0QAGrg9Rav5H4n0M64c3mkR59cJ6wQp+7C4nI0gsmExaedaYLNO44eT4AtBBwjbTiGPMlt2Md0T9H9JQ=="],
  }
}
